{
  "name": "EDUMA-courses-online",
  "lockfileVersion": 2,
  "requires": true,
  "packages": {
    "": {
      "dependencies": {
        "jquery": "^2.1.1"
      }
    },
    "node_modules/jquery": {
      "version": "2.1.1",
      "resolved": "https://registry.npmjs.org/jquery/-/jquery-2.1.1.tgz",
      "integrity": "sha512-y+iOyLV9My82vtN1cc96DLlklSv15h5Jjug52TK+vXmgtN/dE89WvmP1W/g7lL+RWFzdsTmBwJgX/yf4RY9mPA=="
    }
  },
  "dependencies": {
    "jquery": {
      "version": "2.1.1",
      "resolved": "https://registry.npmjs.org/jquery/-/jquery-2.1.1.tgz",
      "integrity": "sha512-y+iOyLV9My82vtN1cc96DLlklSv15h5Jjug52TK+vXmgtN/dE89WvmP1W/g7lL+RWFzdsTmBwJgX/yf4RY9mPA=="
    }
  }
}
